
Microsoft Visual Studio Solution File, Format Version 12.00
# Visual Studio 2013
VisualStudioVersion = 12.0.21005.1
MinimumVisualStudioVersion = 10.0.40219.1
Project("{FAE04EC0-301F-11D3-BF4B-00C04F79EFBC}") = "CommanderTests", "CommanderTests\CommanderTests.csproj", "{2F45B0A7-0249-4FEB-AB38-755573394BDD}"
EndProject
Project("{FAE04EC0-301F-11D3-BF4B-00C04F79EFBC}") = "Commander", "Commander\Commander.csproj", "{7646A731-3FE9-4EC0-9406-B7F21D282710}"
EndProject
Project("{FAE04EC0-301F-11D3-BF4B-00C04F79EFBC}") = "Example", "Example\Example.csproj", "{CFBE0496-7667-4104-98BA-DED7CEABC336}"
EndProject
Global
	GlobalSection(SolutionConfigurationPlatforms) = preSolution
		Debug|Any CPU = Debug|Any CPU
		Release|Any CPU = Release|Any CPU
	EndGlobalSection
	GlobalSection(ProjectConfigurationPlatforms) = postSolution
		{2F45B0A7-0249-4FEB-AB38-755573394BDD}.Debug|Any CPU.ActiveCfg = Debug|Any CPU
		{2F45B0A7-0249-4FEB-AB38-755573394BDD}.Debug|Any CPU.Build.0 = Debug|Any CPU
		{2F45B0A7-0249-4FEB-AB38-755573394BDD}.Release|Any CPU.ActiveCfg = Release|Any CPU
		{2F45B0A7-0249-4FEB-AB38-755573394BDD}.Release|Any CPU.Build.0 = Release|Any CPU
		{7646A731-3FE9-4EC0-9406-B7F21D282710}.Debug|Any CPU.ActiveCfg = Debug|Any CPU
		{7646A731-3FE9-4EC0-9406-B7F21D282710}.Debug|Any CPU.Build.0 = Debug|Any CPU
		{7646A731-3FE9-4EC0-9406-B7F21D282710}.Release|Any CPU.ActiveCfg = Release|Any CPU
		{7646A731-3FE9-4EC0-9406-B7F21D282710}.Release|Any CPU.Build.0 = Release|Any CPU
		{CFBE0496-7667-4104-98BA-DED7CEABC336}.Debug|Any CPU.ActiveCfg = Debug|Any CPU
		{CFBE0496-7667-4104-98BA-DED7CEABC336}.Debug|Any CPU.Build.0 = Debug|Any CPU
		{CFBE0496-7667-4104-98BA-DED7CEABC336}.Release|Any CPU.ActiveCfg = Release|Any CPU
		{CFBE0496-7667-4104-98BA-DED7CEABC336}.Release|Any CPU.Build.0 = Release|Any CPU
	EndGlobalSection
	GlobalSection(SolutionProperties) = preSolution
		HideSolutionNode = FALSE
	EndGlobalSection
EndGlobal
